
Microsoft Visual Studio Solution File, Format Version 12.00
# Visual Studio Version 17
VisualStudioVersion = 17.5.002.0
MinimumVisualStudioVersion = 10.0.40219.1
Project("{9A19103F-16F7-4668-BE54-9A1E7A4F7556}") = "MyShop.Tests", "MyShop.Tests.csproj", "{8D60BC2D-054F-4110-9AD1-BAD9D2FD3204}"
EndProject
Global
	GlobalSection(SolutionConfigurationPlatforms) = preSolution
		Debug|Any CPU = Debug|Any CPU
		Release|Any CPU = Release|Any CPU
	EndGlobalSection
	GlobalSection(ProjectConfigurationPlatforms) = postSolution
		{8D60BC2D-054F-4110-9AD1-BAD9D2FD3204}.Debug|Any CPU.ActiveCfg = Debug|Any CPU
		{8D60BC2D-054F-4110-9AD1-BAD9D2FD3204}.Debug|Any CPU.Build.0 = Debug|Any CPU
		{8D60BC2D-054F-4110-9AD1-BAD9D2FD3204}.Release|Any CPU.ActiveCfg = Release|Any CPU
		{8D60BC2D-054F-4110-9AD1-BAD9D2FD3204}.Release|Any CPU.Build.0 = Release|Any CPU
	EndGlobalSection
	GlobalSection(SolutionProperties) = preSolution
		HideSolutionNode = FALSE
	EndGlobalSection
	GlobalSection(ExtensibilityGlobals) = postSolution
		SolutionGuid = {B6218432-956A-45F2-A83A-6B636CF0B69B}
	EndGlobalSection
EndGlobal
